// !$*UTF8*$!
{
	archiveVersion = 1;
	classes = {
	};
	objectVersion = 46;
	objects = {

/* Begin PBXBuildFile section */
		889CBDB21B579C5E001A1231 /* AppDelegate.swift in Sources */ = {isa = PBXBuildFile; fileRef = 889CBDB11B579C5E001A1231 /* AppDelegate.swift */; };
		889CBDB41B579C5E001A1231 /* ViewController.swift in Sources */ = {isa = PBXBuildFile; fileRef = 889CBDB31B579C5E001A1231 /* ViewController.swift */; };
		889CBDB71B579C5E001A1231 /* Main.storyboard in Resources */ = {isa = PBXBuildFile; fileRef = 889CBDB51B579C5E001A1231 /* Main.storyboard */; };
		889CBDB91B579C5E001A1231 /* Images.xcassets in Resources */ = {isa = PBXBuildFile; fileRef = 889CBDB81B579C5E001A1231 /* Images.xcassets */; };
		889CBDBC1B579C5E001A1231 /* LaunchScreen.xib in Resources */ = {isa = PBXBuildFile; fileRef = 889CBDBA1B579C5E001A1231 /* LaunchScreen.xib */; };
		889CBDC81B579C5E001A1231 /* TestAppTests.swift in Sources */ = {isa = PBXBuildFile; fileRef = 889CBDC71B579C5E001A1231 /* TestAppTests.swift */; };
/* End PBXBuildFile section */

/* Begin PBXContainerItemProxy section */
		889CBDC21B579C5E001A1231 /* PBXContainerItemProxy */ = {
			isa = PBXContainerItemProxy;
			containerPortal = 889CBDA41B579C5E001A1231 /* Project object */;
			proxyType = 1;
			remoteGlobalIDString = 889CBDAB1B579C5E001A1231;
			remoteInfo = TestApp;
		};
/* End PBXContainerItemProxy section */

/* Begin PBXFileReference section */
		889CBDAC1B579C5E001A1231 /* TestApp.app */ = {isa = PBXFileReference; explicitFileType = wrapper.application; includeInIndex = 0; path = TestApp.app; sourceTree = BUILT_PRODUCTS_DIR; };
		889CBDB01B579C5E001A1231 /* Info.plist */ = {isa = PBXFileReference; lastKnownFileType = text.plist.xml; path = Info.plist; sourceTree = "<group>"; };
		889CBDB11B579C5E001A1231 /* AppDelegate.swift */ = {isa = PBXFileReference; lastKnownFileType = sourcecode.swift; path = AppDelegate.swift; sourceTree = "<group>"; };
		889CBDB31B579C5E001A1231 /* ViewController.swift */ = {isa = PBXFileReference; lastKnownFileType = sourcecode.swift; path = ViewController.swift; sourceTree = "<group>"; };
		889CBDB61B579C5E001A1231 /* Base */ = {isa = PBXFileReference; lastKnownFileType = file.storyboard; name = Base; path = Base.lproj/Main.storyboard; sourceTree = "<group>"; };
		889CBDB81B579C5E001A1231 /* Images.xcassets */ = {isa = PBXFileReference; lastKnownFileType = folder.assetcatalog; path = Images.xcassets; sourceTree = "<group>"; };
		889CBDBB1B579C5E001A1231 /* Base */ = {isa = PBXFileReference; lastKnownFileType = file.xib; name = Base; path = Base.lproj/LaunchScreen.xib; sourceTree = "<group>"; };
		889CBDC11B579C5E001A1231 /* TestAppTests.xctest */ = {isa = PBXFileReference; explicitFileType = wrapper.cfbundle; includeInIndex = 0; path = TestAppTests.xctest; sourceTree = BUILT_PRODUCTS_DIR; };
		889CBDC61B579C5E001A1231 /* Info.plist */ = {isa = PBXFileReference; lastKnownFileType = text.plist.xml; path = Info.plist; sourceTree = "<group>"; };
		889CBDC71B579C5E001A1231 /* TestAppTests.swift */ = {isa = PBXFileReference; lastKnownFileType = sourcecode.swift; path = TestAppTests.swift; sourceTree = "<group>"; };
/* End PBXFileReference section */

/* Begin PBXFrameworksBuildPhase section */
		889CBDA91B579C5E001A1231 /* Frameworks */ = {
			isa = PBXFrameworksBuildPhase;
			buildActionMask = 2147483647;
			files = (
			);
			runOnlyForDeploymentPostprocessing = 0;
		};
		889CBDBE1B579C5E001A1231 /* Frameworks */ = {
			isa = PBXFrameworksBuildPhase;
			buildActionMask = 2147483647;
			files = (
			);
			runOnlyForDeploymentPostprocessing = 0;
		};
/* End PBXFrameworksBuildPhase section */

/* Begin PBXGroup section */
		889CBDA31B579C5E001A1231 = {
			isa = PBXGroup;
			children = (
				889CBDAE1B579C5E001A1231 /* TestApp */,
				889CBDC41B579C5E001A1231 /* TestAppTests */,
				889CBDAD1B579C5E001A1231 /* Products */,
			);
			sourceTree = "<group>";
		};
		889CBDAD1B579C5E001A1231 /* Products */ = {
			isa = PBXGroup;
			children = (
				889CBDAC1B579C5E001A1231 /* TestApp.app */,
				889CBDC11B579C5E001A1231 /* TestAppTests.xctest */,
			);
			name = Products;
			sourceTree = "<group>";
		};
		889CBDAE1B579C5E001A1231 /* TestApp */ = {
			isa = PBXGroup;
			children = (
				889CBDB31B579C5E001A1231 /* ViewController.swift */,
				889CBDB51B579C5E001A1231 /* Main.storyboard */,
				889CBDAF1B579C5E001A1231 /* Supporting Files */,
			);
			path = TestApp;
			sourceTree = "<group>";
		};
		889CBDAF1B579C5E001A1231 /* Supporting Files */ = {
			isa = PBXGroup;
			children = (
				889CBDB81B579C5E001A1231 /* Images.xcassets */,
				889CBDBA1B579C5E001A1231 /* LaunchScreen.xib */,
				889CBDB11B579C5E001A1231 /* AppDelegate.swift */,
				889CBDB01B579C5E001A1231 /* Info.plist */,
			);
			name = "Supporting Files";
			sourceTree = "<group>";
		};
		889CBDC41B579C5E001A1231 /* TestAppTests */ = {
			isa = PBXGroup;
			children = (
				889CBDC71B579C5E001A1231 /* TestAppTests.swift */,
				889CBDC51B579C5E001A1231 /* Supporting Files */,
			);
			path = TestAppTests;
			sourceTree = "<group>";
		};
		889CBDC51B579C5E001A1231 /* Supporting Files */ = {
			isa = PBXGroup;
			children = (
				889CBDC61B579C5E001A1231 /* Info.plist */,
			);
			name = "Supporting Files";
			sourceTree = "<group>";
		};
/* End PBXGroup section */

/* Begin PBXNativeTarget section */
		889CBDAB1B579C5E001A1231 /* TestApp */ = {
			isa = PBXNativeTarget;
			buildConfigurationList = 889CBDCB1B579C5E001A1231 /* Build configuration list for PBXNativeTarget "TestApp" */;
			buildPhases = (
				889CBDA81B579C5E001A1231 /* Sources */,
				889CBDA91B579C5E001A1231 /* Frameworks */,
				889CBDAA1B579C5E001A1231 /* Resources */,
			);
			buildRules = (
			);
			dependencies = (
			);
			name = TestApp;
			productName = TestApp;
			productReference = 889CBDAC1B579C5E001A1231 /* TestApp.app */;
			productType = "com.apple.product-type.application";
		};
		889CBDC01B579C5E001A1231 /* TestAppTests */ = {
			isa = PBXNativeTarget;
			buildConfigurationList = 889CBDCE1B579C5E001A1231 /* Build configuration list for PBXNativeTarget "TestAppTests" */;
			buildPhases = (
				889CBDBD1B579C5E001A1231 /* Sources */,
				889CBDBE1B579C5E001A1231 /* Frameworks */,
				889CBDBF1B579C5E001A1231 /* Resources */,
			);
			buildRules = (
			);
			dependencies = (
				889CBDC31B579C5E001A1231 /* PBXTargetDependency */,
			);
			name = TestAppTests;
			productName = TestAppTests;
			productReference = 889CBDC11B579C5E001A1231 /* TestAppTests.xctest */;
			productType = "com.apple.product-type.bundle.unit-test";
		};
/* End PBXNativeTarget section */

/* Begin PBXProject section */
		889CBDA41B579C5E001A1231 /* Project object */ = {
			isa = PBXProject;
			attributes = {
				LastUpgradeCheck = 0640;
				ORGANIZATIONNAME = "Michael Jannain";
				TargetAttributes = {
					889CBDAB1B579C5E001A1231 = {
						CreatedOnToolsVersion = 6.4;
					};
					889CBDC01B579C5E001A1231 = {
						CreatedOnToolsVersion = 6.4;
						TestTargetID = 889CBDAB1B579C5E001A1231;
					};
				};
			};
			buildConfigurationList = 889CBDA71B579C5E001A1231 /* Build configuration list for PBXProject "TestApp" */;
			compatibilityVersion = "Xcode 3.2";
			developmentRegion = English;
			hasScannedForEncodings = 0;
			knownRegions = (
				en,
				Base,
			);
			mainGroup = 889CBDA31B579C5E001A1231;
			productRefGroup = 889CBDAD1B579C5E001A1231 /* Products */;
			projectDirPath = "";
			projectRoot = "";
			targets = (
				889CBDAB1B579C5E001A1231 /* TestApp */,
				889CBDC01B579C5E001A1231 /* TestAppTests */,
			);
		};
/* End PBXProject section */

/* Begin PBXResourcesBuildPhase section */
		889CBDAA1B579C5E001A1231 /* Resources */ = {
			isa = PBXResourcesBuildPhase;
			buildActionMask = 2147483647;
			files = (
				889CBDB71B579C5E001A1231 /* Main.storyboard in Resources */,
				889CBDBC1B579C5E001A1231 /* LaunchScreen.xib in Resources */,
				889CBDB91B579C5E001A1231 /* Images.xcassets in Resources */,
			);
			runOnlyForDeploymentPostprocessing = 0;
		};
		889CBDBF1B579C5E001A1231 /* Resources */ = {
			isa = PBXResourcesBuildPhase;
			buildActionMask = 2147483647;
			files = (
			);
			runOnlyForDeploymentPostprocessing = 0;
		};
/* End PBXResourcesBuildPhase section */

/* Begin PBXSourcesBuildPhase section */
		889CBDA81B579C5E001A1231 /* Sources */ = {
			isa = PBXSourcesBuildPhase;
			buildActionMask = 2147483647;
			files = (
				889CBDB41B579C5E001A1231 /* ViewController.swift in Sources */,
				889CBDB21B579C5E001A1231 /* AppDelegate.swift in Sources */,
			);
			runOnlyForDeploymentPostprocessing = 0;
		};
		889CBDBD1B579C5E001A1231 /* Sources */ = {
			isa = PBXSourcesBuildPhase;
			buildActionMask = 2147483647;
			files = (
				889CBDC81B579C5E001A1231 /* TestAppTests.swift in Sources */,
			);
			runOnlyForDeploymentPostprocessing = 0;
		};
/* End PBXSourcesBuildPhase section */

/* Begin PBXTargetDependency section */
		889CBDC31B579C5E001A1231 /* PBXTargetDependency */ = {
			isa = PBXTargetDependency;
			target = 889CBDAB1B579C5E001A1231 /* TestApp */;
			targetProxy = 889CBDC21B579C5E001A1231 /* PBXContainerItemProxy */;
		};
/* End PBXTargetDependency section */

/* Begin PBXVariantGroup section */
		889CBDB51B579C5E001A1231 /* Main.storyboard */ = {
			isa = PBXVariantGroup;
			children = (
				889CBDB61B579C5E001A1231 /* Base */,
			);
			name = Main.storyboard;
			sourceTree = "<group>";
		};
		889CBDBA1B579C5E001A1231 /* LaunchScreen.xib */ = {
			isa = PBXVariantGroup;
			children = (
				889CBDBB1B579C5E001A1231 /* Base */,
			);
			name = LaunchScreen.xib;
			sourceTree = "<group>";
		};
/* End PBXVariantGroup section */

/* Begin XCBuildConfiguration section */
		889CBDC91B579C5E001A1231 /* Debug */ = {
			isa = XCBuildConfiguration;
			buildSettings = {
				ALWAYS_SEARCH_USER_PATHS = NO;
				CLANG_CXX_LANGUAGE_STANDARD = "gnu++0x";
				CLANG_CXX_LIBRARY = "libc++";
				CLANG_ENABLE_MODULES = YES;
				CLANG_ENABLE_OBJC_ARC = YES;
				CLANG_WARN_BOOL_CONVERSION = YES;
				CLANG_WARN_CONSTANT_CONVERSION = YES;
				CLANG_WARN_DIRECT_OBJC_ISA_USAGE = YES_ERROR;
				CLANG_WARN_EMPTY_BODY = YES;
				CLANG_WARN_ENUM_CONVERSION = YES;
				CLANG_WARN_INT_CONVERSION = YES;
				CLANG_WARN_OBJC_ROOT_CLASS = YES_ERROR;
				CLANG_WARN_UNREACHABLE_CODE = YES;
				CLANG_WARN__DUPLICATE_METHOD_MATCH = YES;
				"CODE_SIGN_IDENTITY[sdk=iphoneos*]" = "iPhone Developer";
				COPY_PHASE_STRIP = NO;
				DEBUG_INFORMATION_FORMAT = "dwarf-with-dsym";
				ENABLE_STRICT_OBJC_MSGSEND = YES;
				GCC_C_LANGUAGE_STANDARD = gnu99;
				GCC_DYNAMIC_NO_PIC = NO;
				GCC_NO_COMMON_BLOCKS = YES;
				GCC_OPTIMIZATION_LEVEL = 0;
				GCC_PREPROCESSOR_DEFINITIONS = (
					"DEBUG=1",
					"$(inherited)",
				);
				GCC_SYMBOLS_PRIVATE_EXTERN = NO;
				GCC_WARN_64_TO_32_BIT_CONVERSION = YES;
				GCC_WARN_ABOUT_RETURN_TYPE = YES_ERROR;
				GCC_WARN_UNDECLARED_SELECTOR = YES;
				GCC_WARN_UNINITIALIZED_AUTOS = YES_AGGRESSIVE;
				GCC_WARN_UNUSED_FUNCTION = YES;
				GCC_WARN_UNUSED_VARIABLE = YES;
				IPHONEOS_DEPLOYMENT_TARGET = 8.4;
				MTL_ENABLE_DEBUG_INFO = YES;
				ONLY_ACTIVE_ARCH = YES;
				SDKROOT = iphoneos;
				SWIFT_OPTIMIZATION_LEVEL = "-Onone";
				TARGETED_DEVICE_FAMILY = "1,2";
			};
			name = Debug;
		};
		889CBDCA1B579C5E001A1231 /* Release */ = {
			isa = XCBuildConfiguration;
			buildSettings = {
				ALWAYS_SEARCH_USER_PATHS = NO;
				CLANG_CXX_LANGUAGE_STANDARD = "gnu++0x";
				CLANG_CXX_LIBRARY = "libc++";
				CLANG_ENABLE_MODULES = YES;
				CLANG_ENABLE_OBJC_ARC = YES;
				CLANG_WARN_BOOL_CONVERSION = YES;
				CLANG_WARN_CONSTANT_CONVERSION = YES;
				CLANG_WARN_DIRECT_OBJC_ISA_USAGE = YES_ERROR;
				CLANG_WARN_EMPTY_BODY = YES;
				CLANG_WARN_ENUM_CONVERSION = YES;
				CLANG_WARN_INT_CONVERSION = YES;
				CLANG_WARN_OBJC_ROOT_CLASS = YES_ERROR;
				CLANG_WARN_UNREACHABLE_CODE = YES;
				CLANG_WARN__DUPLICATE_METHOD_MATCH = YES;
				"CODE_SIGN_IDENTITY[sdk=iphoneos*]" = "iPhone Developer";
				COPY_PHASE_STRIP = NO;
				DEBUG_INFORMATION_FORMAT = "dwarf-with-dsym";
				ENABLE_NS_ASSERTIONS = NO;
				ENABLE_STRICT_OBJC_MSGSEND = YES;
				GCC_C_LANGUAGE_STANDARD = gnu99;
				GCC_NO_COMMON_BLOCKS = YES;
				GCC_WARN_64_TO_32_BIT_CONVERSION = YES;
				GCC_WARN_ABOUT_RETURN_TYPE = YES_ERROR;
				GCC_WARN_UNDECLARED_SELECTOR = YES;
				GCC_WARN_UNINITIALIZED_AUTOS = YES_AGGRESSIVE;
				GCC_WARN_UNUSED_FUNCTION = YES;
				GCC_WARN_UNUSED_VARIABLE = YES;
				IPHONEOS_DEPLOYMENT_TARGET = 8.4;
				MTL_ENABLE_DEBUG_INFO = NO;
				SDKROOT = iphoneos;
				TARGETED_DEVICE_FAMILY = "1,2";
				VALIDATE_PRODUCT = YES;
			};
			name = Release;
		};
		889CBDCC1B579C5E001A1231 /* Debug */ = {
			isa = XCBuildConfiguration;
			buildSettings = {
				ASSETCATALOG_COMPILER_APPICON_NAME = AppIcon;
				INFOPLIST_FILE = TestApp/Info.plist;
				LD_RUNPATH_SEARCH_PATHS = "$(inherited) @executable_path/Frameworks";
				PRODUCT_NAME = "$(TARGET_NAME)";
			};
			name = Debug;
		};
		889CBDCD1B579C5E001A1231 /* Release */ = {
			isa = XCBuildConfiguration;
			buildSettings = {
				ASSETCATALOG_COMPILER_APPICON_NAME = AppIcon;
				INFOPLIST_FILE = TestApp/Info.plist;
				LD_RUNPATH_SEARCH_PATHS = "$(inherited) @executable_path/Frameworks";
				PRODUCT_NAME = "$(TARGET_NAME)";
			};
			name = Release;
		};
		889CBDCF1B579C5E001A1231 /* Debug */ = {
			isa = XCBuildConfiguration;
			buildSettings = {
				BUNDLE_LOADER = "$(TEST_HOST)";
				FRAMEWORK_SEARCH_PATHS = (
					"$(SDKROOT)/Developer/Library/Frameworks",
					"$(inherited)",
				);
				GCC_PREPROCESSOR_DEFINITIONS = (
					"DEBUG=1",
					"$(inherited)",
				);
				INFOPLIST_FILE = TestAppTests/Info.plist;
				LD_RUNPATH_SEARCH_PATHS = "$(inherited) @executable_path/Frameworks @loader_path/Frameworks";
				PRODUCT_NAME = "$(TARGET_NAME)";
				TEST_HOST = "$(BUILT_PRODUCTS_DIR)/TestApp.app/TestApp";
			};
			name = Debug;
		};
		889CBDD01B579C5E001A1231 /* Release */ = {
			isa = XCBuildConfiguration;
			buildSettings = {
				BUNDLE_LOADER = "$(TEST_HOST)";
				FRAMEWORK_SEARCH_PATHS = (
					"$(SDKROOT)/Developer/Library/Frameworks",
					"$(inherited)",
				);
				INFOPLIST_FILE = TestAppTests/Info.plist;
				LD_RUNPATH_SEARCH_PATHS = "$(inherited) @executable_path/Frameworks @loader_path/Frameworks";
				PRODUCT_NAME = "$(TARGET_NAME)";
				TEST_HOST = "$(BUILT_PRODUCTS_DIR)/TestApp.app/TestApp";
			};
			name = Release;
		};
/* End XCBuildConfiguration section */

/* Begin XCConfigurationList section */
		889CBDA71B579C5E001A1231 /* Build configuration list for PBXProject "TestApp" */ = {
			isa = XCConfigurationList;
			buildConfigurations = (
				889CBDC91B579C5E001A1231 /* Debug */,
				889CBDCA1B579C5E001A1231 /* Release */,
			);
			defaultConfigurationIsVisible = 0;
			defaultConfigurationName = Release;
		};
		889CBDCB1B579C5E001A1231 /* Build configuration list for PBXNativeTarget "TestApp" */ = {
			isa = XCConfigurationList;
			buildConfigurations = (
				889CBDCC1B579C5E001A1231 /* Debug */,
				889CBDCD1B579C5E001A1231 /* Release */,
			);
			defaultConfigurationIsVisible = 0;
		};
		889CBDCE1B579C5E001A1231 /* Build configuration list for PBXNativeTarget "TestAppTests" */ = {
			isa = XCConfigurationList;
			buildConfigurations = (
				889CBDCF1B579C5E001A1231 /* Debug */,
				889CBDD01B579C5E001A1231 /* Release */,
			);
			defaultConfigurationIsVisible = 0;
		};
/* End XCConfigurationList section */
	};
	rootObject = 889CBDA41B579C5E001A1231 /* Project object */;
}
